{"version":4,"terraform_version":"1.10.6","serial":4,"lineage":"4863c83b-efff-0a61-cadb-7509bf316a02","outputs":{"database_private_ip":{"value":"10.0.1.229","type":"string"},"load_balancer_dns":{"value":"web-lb-446166314.us-east-1.elb.amazonaws.com","type":"string"}},"resources":[{"mode":"managed","type":"aws_autoscaling_group","name":"web_asg","provider":"provider[\"registry.opentofu.org/hashicorp/aws\"]","instances":[{"schema_version":1,"attributes":{"arn":"arn:aws:autoscaling:us-east-1:800114385106:autoScalingGroup:741904f7-ea0a-4deb-b631-32fa8895836d:autoScalingGroupName/terraform-20251027003648818900000005","availability_zone_distribution":[{"capacity_distribution_strategy":"balanced-best-effort"}],"availability_zones":["us-east-1a","us-east-1b"],"capacity_rebalance":false,"capacity_reservation_specification":[{"capacity_reservation_preference":"default","capacity_reservation_target":[]}],"context":"","default_cooldown":300,"default_instance_warmup":0,"desired_capacity":1,"desired_capacity_type":"","enabled_metrics":null,"force_delete":false,"force_delete_warm_pool":false,"health_check_grace_period":300,"health_check_type":"ELB","id":"terraform-20251027003648818900000005","ignore_failed_scaling_activities":false,"initial_lifecycle_hook":[],"instance_maintenance_policy":[],"instance_refresh":[],"launch_configuration":"","launch_template":[{"id":"lt-088d86f90a9d9e2b4","name":"web-template-20251027003642666800000003","version":"$Latest"}],"load_balancers":[],"max_instance_lifetime":0,"max_size":3,"metrics_granularity":"1Minute","min_elb_capacity":null,"min_size":1,"mixed_instances_policy":[],"name":"terraform-20251027003648818900000005","name_prefix":"terraform-","placement_group":"","predicted_capacity":0,"protect_from_scale_in":false,"service_linked_role_arn":"arn:aws:iam::800114385106:role/aws-service-role/autoscaling.amazonaws.com/AWSServiceRoleForAutoScaling","suspended_processes":null,"tag":[{"key":"Name","propagate_at_launch":true,"value":"musiccloud-web-instance"}],"target_group_arns":["arn:aws:elasticloadbalancing:us-east-1:800114385106:targetgroup/web-tg/121bb49c58611642"],"termination_policies":null,"timeouts":null,"traffic_source":[{"identifier":"arn:aws:elasticloadbalancing:us-east-1:800114385106:targetgroup/web-tg/121bb49c58611642","type":"elbv2"}],"vpc_zone_identifier":["subnet-053be147470535141","subnet-063439a423a5cd127"],"wait_for_capacity_timeout":"10m","wait_for_elb_capacity":null,"warm_pool":[],"warm_pool_size":0},"sensitive_attributes":[],"private":"eyJlMmJmYjczMC1lY2FhLTExZTYtOGY4OC0zNDM2M2JjN2M0YzAiOnsiZGVsZXRlIjo2MDAwMDAwMDAwMDAsInVwZGF0ZSI6NjAwMDAwMDAwMDAwfSwic2NoZW1hX3ZlcnNpb24iOiIxIn0=","dependencies":["aws_instance.db_instance","aws_launch_template.web_template","aws_lb_target_group.web_tg","aws_security_group.db_sg","aws_security_group.web_sg","aws_subnet.public_a","aws_subnet.public_b","aws_vpc.main"]}]},{"mode":"managed","type":"aws_autoscaling_policy","name":"scale_down","provider":"provider[\"registry.opentofu.org/hashicorp/aws\"]","instances":[{"schema_version":0,"attributes":{"adjustment_type":"ChangeInCapacity","arn":"arn:aws:autoscaling:us-east-1:800114385106:scalingPolicy:914093e2-8e78-4a89-a036-2d95a9709edd:autoScalingGroupName/terraform-20251027003648818900000005:policyName/scale-down-policy","autoscaling_group_name":"terraform-20251027003648818900000005","cooldown":300,"enabled":true,"estimated_instance_warmup":0,"id":"scale-down-policy","metric_aggregation_type":"","min_adjustment_magnitude":0,"name":"scale-down-policy","policy_type":"SimpleScaling","predictive_scaling_configuration":[],"scaling_adjustment":-1,"step_adjustment":[],"target_tracking_configuration":[]},"sensitive_attributes":[],"private":"bnVsbA==","dependencies":["aws_autoscaling_group.web_asg","aws_instance.db_instance","aws_launch_template.web_template","aws_lb_target_group.web_tg","aws_security_group.db_sg","aws_security_group.web_sg","aws_subnet.public_a","aws_subnet.public_b","aws_vpc.main"]}]},{"mode":"managed","type":"aws_autoscaling_policy","name":"scale_up","provider":"provider[\"registry.opentofu.org/hashicorp/aws\"]","instances":[{"schema_version":0,"attributes":{"adjustment_type":"ChangeInCapacity","arn":"arn:aws:autoscaling:us-east-1:800114385106:scalingPolicy:35a55bc2-1af6-49e9-adbc-fefac6538377:autoScalingGroupName/terraform-20251027003648818900000005:policyName/scale-up-policy","autoscaling_group_name":"terraform-20251027003648818900000005","cooldown":300,"enabled":true,"estimated_instance_warmup":0,"id":"scale-up-policy","metric_aggregation_type":"","min_adjustment_magnitude":0,"name":"scale-up-policy","policy_type":"SimpleScaling","predictive_scaling_configuration":[],"scaling_adjustment":1,"step_adjustment":[],"target_tracking_configuration":[]},"sensitive_attributes":[],"private":"bnVsbA==","dependencies":["aws_autoscaling_group.web_asg","aws_instance.db_instance","aws_launch_template.web_template","aws_lb_target_group.web_tg","aws_security_group.db_sg","aws_security_group.web_sg","aws_subnet.public_a","aws_subnet.public_b","aws_vpc.main"]}]},{"mode":"managed","type":"aws_cloudwatch_metric_alarm","name":"high_cpu","provider":"provider[\"registry.opentofu.org/hashicorp/aws\"]","instances":[{"schema_version":1,"attributes":{"actions_enabled":true,"alarm_actions":["arn:aws:autoscaling:us-east-1:800114385106:scalingPolicy:35a55bc2-1af6-49e9-adbc-fefac6538377:autoScalingGroupName/terraform-20251027003648818900000005:policyName/scale-up-policy"],"alarm_description":"Escala cuando CPU \u003e 70%","alarm_name":"high-cpu-alarm","arn":"arn:aws:cloudwatch:us-east-1:800114385106:alarm:high-cpu-alarm","comparison_operator":"GreaterThanThreshold","datapoints_to_alarm":0,"dimensions":{"AutoScalingGroupName":"terraform-20251027003648818900000005"},"evaluate_low_sample_count_percentiles":"","evaluation_periods":2,"extended_statistic":"","id":"high-cpu-alarm","insufficient_data_actions":null,"metric_name":"CPUUtilization","metric_query":[],"namespace":"AWS/EC2","ok_actions":null,"period":120,"statistic":"Average","tags":null,"tags_all":{},"threshold":70,"threshold_metric_id":"","treat_missing_data":"missing","unit":""},"sensitive_attributes":[],"private":"eyJzY2hlbWFfdmVyc2lvbiI6IjEifQ==","dependencies":["aws_autoscaling_group.web_asg","aws_autoscaling_policy.scale_up","aws_instance.db_instance","aws_launch_template.web_template","aws_lb_target_group.web_tg","aws_security_group.db_sg","aws_security_group.web_sg","aws_subnet.public_a","aws_subnet.public_b","aws_vpc.main"]}]},{"mode":"managed","type":"aws_cloudwatch_metric_alarm","name":"low_cpu","provider":"provider[\"registry.opentofu.org/hashicorp/aws\"]","instances":[{"schema_version":1,"attributes":{"actions_enabled":true,"alarm_actions":["arn:aws:autoscaling:us-east-1:800114385106:scalingPolicy:914093e2-8e78-4a89-a036-2d95a9709edd:autoScalingGroupName/terraform-20251027003648818900000005:policyName/scale-down-policy"],"alarm_description":"Reduce cuando CPU \u003c 30%","alarm_name":"low-cpu-alarm","arn":"arn:aws:cloudwatch:us-east-1:800114385106:alarm:low-cpu-alarm","comparison_operator":"LessThanThreshold","datapoints_to_alarm":0,"dimensions":{"AutoScalingGroupName":"terraform-20251027003648818900000005"},"evaluate_low_sample_count_percentiles":"","evaluation_periods":2,"extended_statistic":"","id":"low-cpu-alarm","insufficient_data_actions":null,"metric_name":"CPUUtilization","metric_query":[],"namespace":"AWS/EC2","ok_actions":null,"period":120,"statistic":"Average","tags":null,"tags_all":{},"threshold":30,"threshold_metric_id":"","treat_missing_data":"missing","unit":""},"sensitive_attributes":[],"private":"eyJzY2hlbWFfdmVyc2lvbiI6IjEifQ==","dependencies":["aws_autoscaling_group.web_asg","aws_autoscaling_policy.scale_down","aws_instance.db_instance","aws_launch_template.web_template","aws_lb_target_group.web_tg","aws_security_group.db_sg","aws_security_group.web_sg","aws_subnet.public_a","aws_subnet.public_b","aws_vpc.main"]}]},{"mode":"managed","type":"aws_instance","name":"db_instance","provider":"provider[\"registry.opentofu.org/hashicorp/aws\"]","instances":[{"schema_version":1,"attributes":{"ami":"ami-0c02fb55956c7d316","arn":"arn:aws:ec2:us-east-1:800114385106:instance/i-04dcbeed2e4948743","associate_public_ip_address":true,"availability_zone":"us-east-1a","capacity_reservation_specification":[{"capacity_reservation_preference":"open","capacity_reservation_target":[]}],"cpu_core_count":1,"cpu_options":[{"amd_sev_snp":"","core_count":1,"threads_per_core":2}],"cpu_threads_per_core":2,"credit_specification":[{"cpu_credits":"unlimited"}],"disable_api_stop":false,"disable_api_termination":false,"ebs_block_device":[],"ebs_optimized":false,"enable_primary_ipv6":null,"enclave_options":[{"enabled":false}],"ephemeral_block_device":[],"get_password_data":false,"hibernation":false,"host_id":"","host_resource_group_arn":null,"iam_instance_profile":"","id":"i-04dcbeed2e4948743","instance_initiated_shutdown_behavior":"stop","instance_lifecycle":"","instance_market_options":[],"instance_state":"running","instance_type":"t3.micro","ipv6_address_count":0,"ipv6_addresses":[],"key_name":"","launch_template":[],"maintenance_options":[{"auto_recovery":"default"}],"metadata_options":[{"http_endpoint":"enabled","http_protocol_ipv6":"disabled","http_put_response_hop_limit":1,"http_tokens":"optional","instance_metadata_tags":"disabled"}],"monitoring":false,"network_interface":[],"outpost_arn":"","password_data":"","placement_group":"","placement_partition_number":0,"primary_network_interface_id":"eni-0d15cd06e3f4a4635","private_dns":"ip-10-0-1-229.ec2.internal","private_dns_name_options":[{"enable_resource_name_dns_a_record":false,"enable_resource_name_dns_aaaa_record":false,"hostname_type":"ip-name"}],"private_ip":"10.0.1.229","public_dns":"","public_ip":"44.198.184.224","root_block_device":[{"delete_on_termination":true,"device_name":"/dev/xvda","encrypted":false,"iops":100,"kms_key_id":"","tags":{},"tags_all":{},"throughput":0,"volume_id":"vol-045941616558c41d3","volume_size":8,"volume_type":"gp2"}],"secondary_private_ips":[],"security_groups":[],"source_dest_check":true,"spot_instance_request_id":"","subnet_id":"subnet-063439a423a5cd127","tags":{"Name":"musiccloud-db"},"tags_all":{"Name":"musiccloud-db"},"tenancy":"default","timeouts":null,"user_data":"a528261285e4aa78ba7c1c6c8ad43f14fe1eaece","user_data_base64":null,"user_data_replace_on_change":false,"volume_tags":null,"vpc_security_group_ids":["sg-0ed21ec7fd9d42f1c"]},"sensitive_attributes":[],"private":"eyJlMmJmYjczMC1lY2FhLTExZTYtOGY4OC0zNDM2M2JjN2M0YzAiOnsiY3JlYXRlIjo2MDAwMDAwMDAwMDAsImRlbGV0ZSI6MTIwMDAwMDAwMDAwMCwicmVhZCI6OTAwMDAwMDAwMDAwLCJ1cGRhdGUiOjYwMDAwMDAwMDAwMH0sInNjaGVtYV92ZXJzaW9uIjoiMSJ9","dependencies":["aws_security_group.db_sg","aws_security_group.web_sg","aws_subnet.public_a","aws_vpc.main"]}]},{"mode":"managed","type":"aws_internet_gateway","name":"gw","provider":"provider[\"registry.opentofu.org/hashicorp/aws\"]","instances":[{"schema_version":0,"attributes":{"arn":"arn:aws:ec2:us-east-1:800114385106:internet-gateway/igw-0e06439c5b5fa96ee","id":"igw-0e06439c5b5fa96ee","owner_id":"800114385106","tags":null,"tags_all":{},"timeouts":null,"vpc_id":"vpc-02d11dc73a88aac0a"},"sensitive_attributes":[],"private":"eyJlMmJmYjczMC1lY2FhLTExZTYtOGY4OC0zNDM2M2JjN2M0YzAiOnsiY3JlYXRlIjoxMjAwMDAwMDAwMDAwLCJkZWxldGUiOjEyMDAwMDAwMDAwMDAsInVwZGF0ZSI6MTIwMDAwMDAwMDAwMH19","dependencies":["aws_vpc.main"]}]},{"mode":"managed","type":"aws_launch_template","name":"web_template","provider":"provider[\"registry.opentofu.org/hashicorp/aws\"]","instances":[{"schema_version":0,"attributes":{"arn":"arn:aws:ec2:us-east-1:800114385106:launch-template/lt-088d86f90a9d9e2b4","block_device_mappings":[],"capacity_reservation_specification":[],"cpu_options":[],"credit_specification":[],"default_version":1,"description":"","disable_api_stop":false,"disable_api_termination":false,"ebs_optimized":"","elastic_gpu_specifications":[],"elastic_inference_accelerator":[],"enclave_options":[],"hibernation_options":[],"iam_instance_profile":[],"id":"lt-088d86f90a9d9e2b4","image_id":"ami-0c02fb55956c7d316","instance_initiated_shutdown_behavior":"","instance_market_options":[],"instance_requirements":[],"instance_type":"t3.micro","kernel_id":"","key_name":"","latest_version":1,"license_specification":[],"maintenance_options":[],"metadata_options":[],"monitoring":[],"name":"web-template-20251027003642666800000003","name_prefix":"web-template-","network_interfaces":[],"placement":[],"private_dns_name_options":[],"ram_disk_id":"","security_group_names":null,"tag_specifications":[],"tags":null,"tags_all":{},"update_default_version":null,"user_data":"IyEvYmluL2Jhc2gKIyBBY3R1YWxpemFtb3MgcGFxdWV0ZXMgeSBEb2NrZXIKeXVtIHVwZGF0ZSAteQp5dW0gaW5zdGFsbCAteSBkb2NrZXIKCnl1bSBpbnN0YWxsIC15IGFtYXpvbi1jbG91ZHdhdGNoLWFnZW50CgojIENyZWFtb3MgY29uZmlndXJhY2nDs24gcGFyYSBlbnZpYXIgbcOpdHJpY2FzIGRlIFJBTSB5IENQVQpjYXQgPDwnQ09ORklHJyA+IC9vcHQvYXdzL2FtYXpvbi1jbG91ZHdhdGNoLWFnZW50L2Jpbi9jb25maWcuanNvbgp7CiAgIm1ldHJpY3MiOiB7CiAgICAibWV0cmljc19jb2xsZWN0ZWQiOiB7CiAgICAgICJtZW0iOiB7CiAgICAgICAgIm1lYXN1cmVtZW50IjogWyJtZW1fdXNlZF9wZXJjZW50Il0KICAgICAgfSwKICAgICAgImNwdSI6IHsKICAgICAgICAibWVhc3VyZW1lbnQiOiBbImNwdV91c2FnZV9pZGxlIiwgImNwdV91c2FnZV91c2VyIiwgImNwdV91c2FnZV9zeXN0ZW0iXSwKICAgICAgICAibWV0cmljc19jb2xsZWN0aW9uX2ludGVydmFsIjogNjAKICAgICAgfQogICAgfQogIH0KfQpDT05GSUcKCi9vcHQvYXdzL2FtYXpvbi1jbG91ZHdhdGNoLWFnZW50L2Jpbi9hbWF6b24tY2xvdWR3YXRjaC1hZ2VudC1jdGwgXAogIC1hIGZldGNoLWNvbmZpZyAtbSBlYzIgLWMgZmlsZTovb3B0L2F3cy9hbWF6b24tY2xvdWR3YXRjaC1hZ2VudC9iaW4vY29uZmlnLmpzb24gLXMKCgpzeXN0ZW1jdGwgZW5hYmxlIGRvY2tlcgpzeXN0ZW1jdGwgc3RhcnQgZG9ja2VyCgojIEVzcGVyYW1vcyB1bm9zIHNlZ3VuZG9zIGEgcXVlIGVsIGRhZW1vbiBlc3TDqSBsaXN0bwpzbGVlcCAxMAoKIyBFamVjdXRhbW9zIGVsIGNvbnRlbmVkb3IKZG9ja2VyIHJ1biAtZCAtLW5hbWUgbXVzaWNjbG91ZC13ZWIgLXAgODA6ODAwMCBcCiAgLWUgREFUQUJBU0VfVVJMPSJwb3N0Z3Jlc3FsOi8vc2FudGlhZ286c2FudGlhZ29AMTAuMC4xLjIyOTo1NDMyL211c2ljY2xvdWQiIFwKICBob211cmE2OS9tdXNpY2Nsb3VkLXdlYjpsYXRlc3QKCiMgR3VhcmRhbW9zIGxvZ3MgcG9yIHNpIGZhbGxhIGVsIGFycmFucXVlCmVjaG8gIkNvbnRhaW5lciBzdGF0dXM6IiA+IC92YXIvbG9nL3VzZXJfZGF0YS5sb2cKZG9ja2VyIHBzID4+IC92YXIvbG9nL3VzZXJfZGF0YS5sb2cgMj4mMQpkb2NrZXIgbG9ncyBtdXNpY2Nsb3VkLXdlYiA+PiAvdmFyL2xvZy91c2VyX2RhdGEubG9nIDI+JjEK","vpc_security_group_ids":["sg-0c1fa32ef130c1878"]},"sensitive_attributes":[],"private":"bnVsbA==","dependencies":["aws_instance.db_instance","aws_security_group.db_sg","aws_security_group.web_sg","aws_subnet.public_a","aws_vpc.main"]}]},{"mode":"managed","type":"aws_lb","name":"web_lb","provider":"provider[\"registry.opentofu.org/hashicorp/aws\"]","instances":[{"schema_version":0,"attributes":{"access_logs":[{"bucket":"","enabled":false,"prefix":""}],"arn":"arn:aws:elasticloadbalancing:us-east-1:800114385106:loadbalancer/app/web-lb/ce4bbc36de2e75c9","arn_suffix":"app/web-lb/ce4bbc36de2e75c9","client_keep_alive":3600,"connection_logs":[{"bucket":"","enabled":false,"prefix":""}],"customer_owned_ipv4_pool":"","desync_mitigation_mode":"defensive","dns_name":"web-lb-446166314.us-east-1.elb.amazonaws.com","dns_record_client_routing_policy":null,"drop_invalid_header_fields":false,"enable_cross_zone_load_balancing":true,"enable_deletion_protection":false,"enable_http2":true,"enable_tls_version_and_cipher_suite_headers":false,"enable_waf_fail_open":false,"enable_xff_client_port":false,"enable_zonal_shift":false,"enforce_security_group_inbound_rules_on_private_link_traffic":"","id":"arn:aws:elasticloadbalancing:us-east-1:800114385106:loadbalancer/app/web-lb/ce4bbc36de2e75c9","idle_timeout":60,"internal":false,"ip_address_type":"ipv4","ipam_pools":[],"load_balancer_type":"application","minimum_load_balancer_capacity":[],"name":"web-lb","name_prefix":"","preserve_host_header":false,"security_groups":["sg-0c1fa32ef130c1878"],"subnet_mapping":[{"allocation_id":"","ipv6_address":"","outpost_id":"","private_ipv4_address":"","subnet_id":"subnet-053be147470535141"},{"allocation_id":"","ipv6_address":"","outpost_id":"","private_ipv4_address":"","subnet_id":"subnet-063439a423a5cd127"}],"subnets":["subnet-053be147470535141","subnet-063439a423a5cd127"],"tags":null,"tags_all":{},"timeouts":null,"vpc_id":"vpc-02d11dc73a88aac0a","xff_header_processing_mode":"append","zone_id":"Z35SXDOTRQ7X7K"},"sensitive_attributes":[],"private":"eyJlMmJmYjczMC1lY2FhLTExZTYtOGY4OC0zNDM2M2JjN2M0YzAiOnsiY3JlYXRlIjo2MDAwMDAwMDAwMDAsImRlbGV0ZSI6NjAwMDAwMDAwMDAwLCJ1cGRhdGUiOjYwMDAwMDAwMDAwMH19","dependencies":["aws_security_group.web_sg","aws_subnet.public_a","aws_subnet.public_b","aws_vpc.main"]}]},{"mode":"managed","type":"aws_lb_listener","name":"web_listener","provider":"provider[\"registry.opentofu.org/hashicorp/aws\"]","instances":[{"schema_version":0,"attributes":{"alpn_policy":null,"arn":"arn:aws:elasticloadbalancing:us-east-1:800114385106:listener/app/web-lb/ce4bbc36de2e75c9/7ee207265811fb35","certificate_arn":null,"default_action":[{"authenticate_cognito":[],"authenticate_oidc":[],"fixed_response":[],"forward":[],"order":1,"redirect":[],"target_group_arn":"arn:aws:elasticloadbalancing:us-east-1:800114385106:targetgroup/web-tg/121bb49c58611642","type":"forward"}],"id":"arn:aws:elasticloadbalancing:us-east-1:800114385106:listener/app/web-lb/ce4bbc36de2e75c9/7ee207265811fb35","load_balancer_arn":"arn:aws:elasticloadbalancing:us-east-1:800114385106:loadbalancer/app/web-lb/ce4bbc36de2e75c9","mutual_authentication":[],"port":80,"protocol":"HTTP","routing_http_request_x_amzn_mtls_clientcert_header_name":null,"routing_http_request_x_amzn_mtls_clientcert_issuer_header_name":null,"routing_http_request_x_amzn_mtls_clientcert_leaf_header_name":null,"routing_http_request_x_amzn_mtls_clientcert_serial_number_header_name":null,"routing_http_request_x_amzn_mtls_clientcert_subject_header_name":null,"routing_http_request_x_amzn_mtls_clientcert_validity_header_name":null,"routing_http_request_x_amzn_tls_cipher_suite_header_name":null,"routing_http_request_x_amzn_tls_version_header_name":null,"routing_http_response_access_control_allow_credentials_header_value":"","routing_http_response_access_control_allow_headers_header_value":"","routing_http_response_access_control_allow_methods_header_value":"","routing_http_response_access_control_allow_origin_header_value":"","routing_http_response_access_control_expose_headers_header_value":"","routing_http_response_access_control_max_age_header_value":"","routing_http_response_content_security_policy_header_value":"","routing_http_response_server_enabled":true,"routing_http_response_strict_transport_security_header_value":"","routing_http_response_x_content_type_options_header_value":"","routing_http_response_x_frame_options_header_value":"","ssl_policy":"","tags":null,"tags_all":{},"tcp_idle_timeout_seconds":null,"timeouts":null},"sensitive_attributes":[],"private":"eyJlMmJmYjczMC1lY2FhLTExZTYtOGY4OC0zNDM2M2JjN2M0YzAiOnsiY3JlYXRlIjozMDAwMDAwMDAwMDAsInVwZGF0ZSI6MzAwMDAwMDAwMDAwfX0=","dependencies":["aws_lb.web_lb","aws_lb_target_group.web_tg","aws_security_group.web_sg","aws_subnet.public_a","aws_subnet.public_b","aws_vpc.main"]}]},{"mode":"managed","type":"aws_lb_target_group","name":"web_tg","provider":"provider[\"registry.opentofu.org/hashicorp/aws\"]","instances":[{"schema_version":0,"attributes":{"arn":"arn:aws:elasticloadbalancing:us-east-1:800114385106:targetgroup/web-tg/121bb49c58611642","arn_suffix":"targetgroup/web-tg/121bb49c58611642","connection_termination":null,"deregistration_delay":"300","health_check":[{"enabled":true,"healthy_threshold":5,"interval":30,"matcher":"200","path":"/","port":"traffic-port","protocol":"HTTP","timeout":5,"unhealthy_threshold":2}],"id":"arn:aws:elasticloadbalancing:us-east-1:800114385106:targetgroup/web-tg/121bb49c58611642","ip_address_type":"ipv4","lambda_multi_value_headers_enabled":false,"load_balancer_arns":[],"load_balancing_algorithm_type":"round_robin","load_balancing_anomaly_mitigation":"off","load_balancing_cross_zone_enabled":"use_load_balancer_configuration","name":"web-tg","name_prefix":"","port":80,"preserve_client_ip":null,"protocol":"HTTP","protocol_version":"HTTP1","proxy_protocol_v2":false,"slow_start":0,"stickiness":[{"cookie_duration":86400,"cookie_name":"","enabled":false,"type":"lb_cookie"}],"tags":null,"tags_all":{},"target_failover":[{"on_deregistration":null,"on_unhealthy":null}],"target_group_health":[{"dns_failover":[{"minimum_healthy_targets_count":"1","minimum_healthy_targets_percentage":"off"}],"unhealthy_state_routing":[{"minimum_healthy_targets_count":1,"minimum_healthy_targets_percentage":"off"}]}],"target_health_state":[{"enable_unhealthy_connection_termination":null,"unhealthy_draining_interval":null}],"target_type":"instance","vpc_id":"vpc-02d11dc73a88aac0a"},"sensitive_attributes":[],"private":"bnVsbA==","dependencies":["aws_vpc.main"]}]},{"mode":"managed","type":"aws_route_table","name":"rt","provider":"provider[\"registry.opentofu.org/hashicorp/aws\"]","instances":[{"schema_version":0,"attributes":{"arn":"arn:aws:ec2:us-east-1:800114385106:route-table/rtb-041c2109f6cc10cf9","id":"rtb-041c2109f6cc10cf9","owner_id":"800114385106","propagating_vgws":[],"route":[{"carrier_gateway_id":"","cidr_block":"0.0.0.0/0","core_network_arn":"","destination_prefix_list_id":"","egress_only_gateway_id":"","gateway_id":"igw-0e06439c5b5fa96ee","ipv6_cidr_block":"","local_gateway_id":"","nat_gateway_id":"","network_interface_id":"","transit_gateway_id":"","vpc_endpoint_id":"","vpc_peering_connection_id":""}],"tags":null,"tags_all":{},"timeouts":null,"vpc_id":"vpc-02d11dc73a88aac0a"},"sensitive_attributes":[],"private":"eyJlMmJmYjczMC1lY2FhLTExZTYtOGY4OC0zNDM2M2JjN2M0YzAiOnsiY3JlYXRlIjozMDAwMDAwMDAwMDAsImRlbGV0ZSI6MzAwMDAwMDAwMDAwLCJ1cGRhdGUiOjEyMDAwMDAwMDAwMH19","dependencies":["aws_internet_gateway.gw","aws_vpc.main"]}]},{"mode":"managed","type":"aws_route_table_association","name":"assoc_a","provider":"provider[\"registry.opentofu.org/hashicorp/aws\"]","instances":[{"schema_version":0,"attributes":{"gateway_id":"","id":"rtbassoc-07a4ec10ab1964ad0","route_table_id":"rtb-041c2109f6cc10cf9","subnet_id":"subnet-063439a423a5cd127","timeouts":null},"sensitive_attributes":[],"private":"eyJlMmJmYjczMC1lY2FhLTExZTYtOGY4OC0zNDM2M2JjN2M0YzAiOnsiY3JlYXRlIjozMDAwMDAwMDAwMDAsImRlbGV0ZSI6MzAwMDAwMDAwMDAwLCJ1cGRhdGUiOjEyMDAwMDAwMDAwMH19","dependencies":["aws_internet_gateway.gw","aws_route_table.rt","aws_subnet.public_a","aws_vpc.main"]}]},{"mode":"managed","type":"aws_route_table_association","name":"assoc_b","provider":"provider[\"registry.opentofu.org/hashicorp/aws\"]","instances":[{"schema_version":0,"attributes":{"gateway_id":"","id":"rtbassoc-01804ae267acf084a","route_table_id":"rtb-041c2109f6cc10cf9","subnet_id":"subnet-053be147470535141","timeouts":null},"sensitive_attributes":[],"private":"eyJlMmJmYjczMC1lY2FhLTExZTYtOGY4OC0zNDM2M2JjN2M0YzAiOnsiY3JlYXRlIjozMDAwMDAwMDAwMDAsImRlbGV0ZSI6MzAwMDAwMDAwMDAwLCJ1cGRhdGUiOjEyMDAwMDAwMDAwMH19","dependencies":["aws_internet_gateway.gw","aws_route_table.rt","aws_subnet.public_b","aws_vpc.main"]}]},{"mode":"managed","type":"aws_security_group","name":"db_sg","provider":"provider[\"registry.opentofu.org/hashicorp/aws\"]","instances":[{"schema_version":1,"attributes":{"arn":"arn:aws:ec2:us-east-1:800114385106:security-group/sg-0ed21ec7fd9d42f1c","description":"Managed by Terraform","egress":[{"cidr_blocks":["0.0.0.0/0"],"description":"","from_port":0,"ipv6_cidr_blocks":[],"prefix_list_ids":[],"protocol":"-1","security_groups":[],"self":false,"to_port":0}],"id":"sg-0ed21ec7fd9d42f1c","ingress":[{"cidr_blocks":["0.0.0.0/0"],"description":"","from_port":22,"ipv6_cidr_blocks":[],"prefix_list_ids":[],"protocol":"tcp","security_groups":[],"self":false,"to_port":22},{"cidr_blocks":["10.0.0.0/16"],"description":"","from_port":-1,"ipv6_cidr_blocks":[],"prefix_list_ids":[],"protocol":"icmp","security_groups":[],"self":false,"to_port":-1},{"cidr_blocks":["10.0.0.0/16"],"description":"","from_port":0,"ipv6_cidr_blocks":[],"prefix_list_ids":[],"protocol":"tcp","security_groups":[],"self":false,"to_port":65535},{"cidr_blocks":[],"description":"","from_port":5432,"ipv6_cidr_blocks":[],"prefix_list_ids":[],"protocol":"tcp","security_groups":["sg-0c1fa32ef130c1878"],"self":false,"to_port":5432}],"name":"db-sg","name_prefix":"","owner_id":"800114385106","revoke_rules_on_delete":false,"tags":null,"tags_all":{},"timeouts":null,"vpc_id":"vpc-02d11dc73a88aac0a"},"sensitive_attributes":[],"private":"eyJlMmJmYjczMC1lY2FhLTExZTYtOGY4OC0zNDM2M2JjN2M0YzAiOnsiY3JlYXRlIjo2MDAwMDAwMDAwMDAsImRlbGV0ZSI6OTAwMDAwMDAwMDAwfSwic2NoZW1hX3ZlcnNpb24iOiIxIn0=","dependencies":["aws_security_group.web_sg","aws_vpc.main"]}]},{"mode":"managed","type":"aws_security_group","name":"web_sg","provider":"provider[\"registry.opentofu.org/hashicorp/aws\"]","instances":[{"schema_version":1,"attributes":{"arn":"arn:aws:ec2:us-east-1:800114385106:security-group/sg-0c1fa32ef130c1878","description":"Managed by Terraform","egress":[{"cidr_blocks":["0.0.0.0/0"],"description":"","from_port":0,"ipv6_cidr_blocks":[],"prefix_list_ids":[],"protocol":"-1","security_groups":[],"self":false,"to_port":0}],"id":"sg-0c1fa32ef130c1878","ingress":[{"cidr_blocks":["0.0.0.0/0"],"description":"","from_port":22,"ipv6_cidr_blocks":[],"prefix_list_ids":[],"protocol":"tcp","security_groups":[],"self":false,"to_port":22},{"cidr_blocks":["0.0.0.0/0"],"description":"","from_port":80,"ipv6_cidr_blocks":[],"prefix_list_ids":[],"protocol":"tcp","security_groups":[],"self":false,"to_port":80},{"cidr_blocks":["10.0.0.0/16"],"description":"","from_port":-1,"ipv6_cidr_blocks":[],"prefix_list_ids":[],"protocol":"icmp","security_groups":[],"self":false,"to_port":-1},{"cidr_blocks":["10.0.0.0/16"],"description":"","from_port":0,"ipv6_cidr_blocks":[],"prefix_list_ids":[],"protocol":"tcp","security_groups":[],"self":false,"to_port":65535}],"name":"web-sg","name_prefix":"","owner_id":"800114385106","revoke_rules_on_delete":false,"tags":null,"tags_all":{},"timeouts":null,"vpc_id":"vpc-02d11dc73a88aac0a"},"sensitive_attributes":[],"private":"eyJlMmJmYjczMC1lY2FhLTExZTYtOGY4OC0zNDM2M2JjN2M0YzAiOnsiY3JlYXRlIjo2MDAwMDAwMDAwMDAsImRlbGV0ZSI6OTAwMDAwMDAwMDAwfSwic2NoZW1hX3ZlcnNpb24iOiIxIn0=","dependencies":["aws_vpc.main"]}]},{"mode":"managed","type":"aws_subnet","name":"public_a","provider":"provider[\"registry.opentofu.org/hashicorp/aws\"]","instances":[{"schema_version":1,"attributes":{"arn":"arn:aws:ec2:us-east-1:800114385106:subnet/subnet-063439a423a5cd127","assign_ipv6_address_on_creation":false,"availability_zone":"us-east-1a","availability_zone_id":"use1-az1","cidr_block":"10.0.1.0/24","customer_owned_ipv4_pool":"","enable_dns64":false,"enable_lni_at_device_index":0,"enable_resource_name_dns_a_record_on_launch":false,"enable_resource_name_dns_aaaa_record_on_launch":false,"id":"subnet-063439a423a5cd127","ipv6_cidr_block":"","ipv6_cidr_block_association_id":"","ipv6_native":false,"map_customer_owned_ip_on_launch":false,"map_public_ip_on_launch":true,"outpost_arn":"","owner_id":"800114385106","private_dns_hostname_type_on_launch":"ip-name","tags":null,"tags_all":{},"timeouts":null,"vpc_id":"vpc-02d11dc73a88aac0a"},"sensitive_attributes":[],"private":"eyJlMmJmYjczMC1lY2FhLTExZTYtOGY4OC0zNDM2M2JjN2M0YzAiOnsiY3JlYXRlIjo2MDAwMDAwMDAwMDAsImRlbGV0ZSI6MTIwMDAwMDAwMDAwMH0sInNjaGVtYV92ZXJzaW9uIjoiMSJ9","dependencies":["aws_vpc.main"]}]},{"mode":"managed","type":"aws_subnet","name":"public_b","provider":"provider[\"registry.opentofu.org/hashicorp/aws\"]","instances":[{"schema_version":1,"attributes":{"arn":"arn:aws:ec2:us-east-1:800114385106:subnet/subnet-053be147470535141","assign_ipv6_address_on_creation":false,"availability_zone":"us-east-1b","availability_zone_id":"use1-az2","cidr_block":"10.0.2.0/24","customer_owned_ipv4_pool":"","enable_dns64":false,"enable_lni_at_device_index":0,"enable_resource_name_dns_a_record_on_launch":false,"enable_resource_name_dns_aaaa_record_on_launch":false,"id":"subnet-053be147470535141","ipv6_cidr_block":"","ipv6_cidr_block_association_id":"","ipv6_native":false,"map_customer_owned_ip_on_launch":false,"map_public_ip_on_launch":true,"outpost_arn":"","owner_id":"800114385106","private_dns_hostname_type_on_launch":"ip-name","tags":null,"tags_all":{},"timeouts":null,"vpc_id":"vpc-02d11dc73a88aac0a"},"sensitive_attributes":[],"private":"eyJlMmJmYjczMC1lY2FhLTExZTYtOGY4OC0zNDM2M2JjN2M0YzAiOnsiY3JlYXRlIjo2MDAwMDAwMDAwMDAsImRlbGV0ZSI6MTIwMDAwMDAwMDAwMH0sInNjaGVtYV92ZXJzaW9uIjoiMSJ9","dependencies":["aws_vpc.main"]}]},{"mode":"managed","type":"aws_vpc","name":"main","provider":"provider[\"registry.opentofu.org/hashicorp/aws\"]","instances":[{"schema_version":1,"attributes":{"arn":"arn:aws:ec2:us-east-1:800114385106:vpc/vpc-02d11dc73a88aac0a","assign_generated_ipv6_cidr_block":false,"cidr_block":"10.0.0.0/16","default_network_acl_id":"acl-09935fe96e5abc648","default_route_table_id":"rtb-0fbf644f6cafbd660","default_security_group_id":"sg-0c0ecf4952977dac9","dhcp_options_id":"dopt-0ad994545e046036a","enable_dns_hostnames":false,"enable_dns_support":true,"enable_network_address_usage_metrics":false,"id":"vpc-02d11dc73a88aac0a","instance_tenancy":"default","ipv4_ipam_pool_id":null,"ipv4_netmask_length":null,"ipv6_association_id":"","ipv6_cidr_block":"","ipv6_cidr_block_network_border_group":"","ipv6_ipam_pool_id":"","ipv6_netmask_length":0,"main_route_table_id":"rtb-0fbf644f6cafbd660","owner_id":"800114385106","tags":null,"tags_all":{}},"sensitive_attributes":[],"private":"eyJzY2hlbWFfdmVyc2lvbiI6IjEifQ=="}]}],"check_results":null}
