{"version":4,"terraform_version":"1.10.6","serial":23,"lineage":"4863c83b-efff-0a61-cadb-7509bf316a02","outputs":{"application_url":{"value":"http://3.218.241.237:30080","type":"string"},"k8s_master_private_ip":{"value":"10.0.1.151","type":"string"},"k8s_master_public_ip":{"value":"3.218.241.237","type":"string"},"k8s_worker_private_ips":{"value":["10.0.1.149","10.0.1.124"],"type":["tuple",["string","string"]]},"k8s_worker_public_ips":{"value":["44.203.82.236","3.235.101.190"],"type":["tuple",["string","string"]]},"kubectl_get_nodes":{"value":"ssh -i /home/santiago/.ssh/k8s-cluster-key ubuntu@3.218.241.237 'kubectl get nodes'","type":"string"},"ssh_command_master":{"value":"ssh -i /home/santiago/.ssh/k8s-cluster-key ubuntu@3.218.241.237","type":"string"}},"resources":[{"mode":"managed","type":"aws_iam_instance_profile","name":"k8s_node_profile","provider":"provider[\"registry.opentofu.org/hashicorp/aws\"]","instances":[{"schema_version":0,"attributes":{"arn":"arn:aws:iam::800114385106:instance-profile/k8s-node-profile","create_date":"2025-11-04T15:56:30Z","id":"k8s-node-profile","name":"k8s-node-profile","name_prefix":"","path":"/","role":"k8s-node-role","tags":null,"tags_all":{},"unique_id":"AIPA3USUIUDJCJKVGYFKS"},"sensitive_attributes":[],"private":"bnVsbA==","dependencies":["aws_iam_role.k8s_node_role"]}]},{"mode":"managed","type":"aws_iam_role","name":"k8s_node_role","provider":"provider[\"registry.opentofu.org/hashicorp/aws\"]","instances":[{"schema_version":0,"attributes":{"arn":"arn:aws:iam::800114385106:role/k8s-node-role","assume_role_policy":"{\"Statement\":[{\"Action\":\"sts:AssumeRole\",\"Effect\":\"Allow\",\"Principal\":{\"Service\":\"ec2.amazonaws.com\"}}],\"Version\":\"2012-10-17\"}","create_date":"2025-11-04T15:56:29Z","description":"","force_detach_policies":false,"id":"k8s-node-role","inline_policy":[],"managed_policy_arns":[],"max_session_duration":3600,"name":"k8s-node-role","name_prefix":"","path":"/","permissions_boundary":"","tags":null,"tags_all":{},"unique_id":"AROA3USUIUDJJABS57NZU"},"sensitive_attributes":[],"private":"bnVsbA=="}]},{"mode":"managed","type":"aws_iam_role_policy","name":"k8s_node_policy","provider":"provider[\"registry.opentofu.org/hashicorp/aws\"]","instances":[{"schema_version":0,"attributes":{"id":"k8s-node-role:k8s-node-policy","name":"k8s-node-policy","name_prefix":"","policy":"{\"Version\":\"2012-10-17\",\"Statement\":[{\"Action\":[\"s3:GetObject\",\"s3:PutObject\",\"s3:ListBucket\"],\"Effect\":\"Allow\",\"Resource\":[\"arn:aws:s3:::k8s-join-token-20251104155629409800000001\",\"arn:aws:s3:::k8s-join-token-20251104155629409800000001/*\"]}]}","role":"k8s-node-role"},"sensitive_attributes":[],"private":"bnVsbA==","dependencies":["aws_iam_role.k8s_node_role","aws_s3_bucket.k8s_token_bucket"]}]},{"mode":"managed","type":"aws_instance","name":"k8s_master","provider":"provider[\"registry.opentofu.org/hashicorp/aws\"]","instances":[{"schema_version":1,"attributes":{"ami":"ami-0866a3c8686eaeeba","arn":"arn:aws:ec2:us-east-1:800114385106:instance/i-0ce12418dc89c3890","associate_public_ip_address":true,"availability_zone":"us-east-1a","capacity_reservation_specification":[{"capacity_reservation_preference":"open","capacity_reservation_target":[]}],"cpu_core_count":1,"cpu_options":[{"amd_sev_snp":"","core_count":1,"threads_per_core":2}],"cpu_threads_per_core":2,"credit_specification":[{"cpu_credits":"unlimited"}],"disable_api_stop":false,"disable_api_termination":false,"ebs_block_device":[],"ebs_optimized":false,"enable_primary_ipv6":null,"enclave_options":[{"enabled":false}],"ephemeral_block_device":[],"get_password_data":false,"hibernation":false,"host_id":"","host_resource_group_arn":null,"iam_instance_profile":"k8s-node-profile","id":"i-0ce12418dc89c3890","instance_initiated_shutdown_behavior":"stop","instance_lifecycle":"","instance_market_options":[],"instance_state":"running","instance_type":"t3.micro","ipv6_address_count":0,"ipv6_addresses":[],"key_name":"k8s-cluster-key","launch_template":[],"maintenance_options":[{"auto_recovery":"default"}],"metadata_options":[{"http_endpoint":"enabled","http_protocol_ipv6":"disabled","http_put_response_hop_limit":2,"http_tokens":"required","instance_metadata_tags":"disabled"}],"monitoring":false,"network_interface":[],"outpost_arn":"","password_data":"","placement_group":"","placement_partition_number":0,"primary_network_interface_id":"eni-0bbedb3ffa8efb520","private_dns":"ip-10-0-1-151.ec2.internal","private_dns_name_options":[{"enable_resource_name_dns_a_record":false,"enable_resource_name_dns_aaaa_record":false,"hostname_type":"ip-name"}],"private_ip":"10.0.1.151","public_dns":"ec2-3-218-241-237.compute-1.amazonaws.com","public_ip":"3.218.241.237","root_block_device":[{"delete_on_termination":true,"device_name":"/dev/sda1","encrypted":false,"iops":3000,"kms_key_id":"","tags":null,"tags_all":{},"throughput":125,"volume_id":"vol-02b195620729ca3d8","volume_size":20,"volume_type":"gp3"}],"secondary_private_ips":[],"security_groups":[],"source_dest_check":true,"spot_instance_request_id":"","subnet_id":"subnet-034c59c19597d966a","tags":{"Name":"k8s-master","Role":"master"},"tags_all":{"Name":"k8s-master","Role":"master"},"tenancy":"default","timeouts":null,"user_data":"15cc04141144835abe82926bd022602a3dedbd44","user_data_base64":null,"user_data_replace_on_change":false,"volume_tags":null,"vpc_security_group_ids":["sg-03b323e7e8739f277"]},"sensitive_attributes":[],"private":"eyJlMmJmYjczMC1lY2FhLTExZTYtOGY4OC0zNDM2M2JjN2M0YzAiOnsiY3JlYXRlIjo2MDAwMDAwMDAwMDAsImRlbGV0ZSI6MTIwMDAwMDAwMDAwMCwicmVhZCI6OTAwMDAwMDAwMDAwLCJ1cGRhdGUiOjYwMDAwMDAwMDAwMH0sInNjaGVtYV92ZXJzaW9uIjoiMSJ9","dependencies":["aws_iam_instance_profile.k8s_node_profile","aws_iam_role.k8s_node_role","aws_internet_gateway.gw","aws_key_pair.k8s_key","aws_s3_bucket.k8s_token_bucket","aws_security_group.k8s_sg","aws_subnet.public_a","aws_vpc.main"]}]},{"mode":"managed","type":"aws_instance","name":"k8s_worker","provider":"provider[\"registry.opentofu.org/hashicorp/aws\"]","instances":[{"index_key":0,"schema_version":1,"attributes":{"ami":"ami-0866a3c8686eaeeba","arn":"arn:aws:ec2:us-east-1:800114385106:instance/i-005747f47d6e396df","associate_public_ip_address":true,"availability_zone":"us-east-1a","capacity_reservation_specification":[{"capacity_reservation_preference":"open","capacity_reservation_target":[]}],"cpu_core_count":1,"cpu_options":[{"amd_sev_snp":"","core_count":1,"threads_per_core":2}],"cpu_threads_per_core":2,"credit_specification":[{"cpu_credits":"unlimited"}],"disable_api_stop":false,"disable_api_termination":false,"ebs_block_device":[],"ebs_optimized":false,"enable_primary_ipv6":null,"enclave_options":[{"enabled":false}],"ephemeral_block_device":[],"get_password_data":false,"hibernation":false,"host_id":"","host_resource_group_arn":null,"iam_instance_profile":"k8s-node-profile","id":"i-005747f47d6e396df","instance_initiated_shutdown_behavior":"stop","instance_lifecycle":"","instance_market_options":[],"instance_state":"running","instance_type":"t3.micro","ipv6_address_count":0,"ipv6_addresses":[],"key_name":"k8s-cluster-key","launch_template":[],"maintenance_options":[{"auto_recovery":"default"}],"metadata_options":[{"http_endpoint":"enabled","http_protocol_ipv6":"disabled","http_put_response_hop_limit":2,"http_tokens":"required","instance_metadata_tags":"disabled"}],"monitoring":false,"network_interface":[],"outpost_arn":"","password_data":"","placement_group":"","placement_partition_number":0,"primary_network_interface_id":"eni-0f226e193d2c5a835","private_dns":"ip-10-0-1-149.ec2.internal","private_dns_name_options":[{"enable_resource_name_dns_a_record":false,"enable_resource_name_dns_aaaa_record":false,"hostname_type":"ip-name"}],"private_ip":"10.0.1.149","public_dns":"ec2-44-203-82-236.compute-1.amazonaws.com","public_ip":"44.203.82.236","root_block_device":[{"delete_on_termination":true,"device_name":"/dev/sda1","encrypted":false,"iops":3000,"kms_key_id":"","tags":null,"tags_all":{},"throughput":125,"volume_id":"vol-098b286fed18d10d9","volume_size":20,"volume_type":"gp3"}],"secondary_private_ips":[],"security_groups":[],"source_dest_check":true,"spot_instance_request_id":"","subnet_id":"subnet-034c59c19597d966a","tags":{"Name":"k8s-worker-1","Role":"worker"},"tags_all":{"Name":"k8s-worker-1","Role":"worker"},"tenancy":"default","timeouts":null,"user_data":"1a095b24558c8a2ebec81da23f3c8de2d02efc98","user_data_base64":null,"user_data_replace_on_change":false,"volume_tags":null,"vpc_security_group_ids":["sg-03b323e7e8739f277"]},"sensitive_attributes":[],"private":"eyJlMmJmYjczMC1lY2FhLTExZTYtOGY4OC0zNDM2M2JjN2M0YzAiOnsiY3JlYXRlIjo2MDAwMDAwMDAwMDAsImRlbGV0ZSI6MTIwMDAwMDAwMDAwMCwicmVhZCI6OTAwMDAwMDAwMDAwLCJ1cGRhdGUiOjYwMDAwMDAwMDAwMH0sInNjaGVtYV92ZXJzaW9uIjoiMSJ9","dependencies":["aws_iam_instance_profile.k8s_node_profile","aws_iam_role.k8s_node_role","aws_instance.k8s_master","aws_internet_gateway.gw","aws_key_pair.k8s_key","aws_s3_bucket.k8s_token_bucket","aws_security_group.k8s_sg","aws_subnet.public_a","aws_vpc.main"]},{"index_key":1,"schema_version":1,"attributes":{"ami":"ami-0866a3c8686eaeeba","arn":"arn:aws:ec2:us-east-1:800114385106:instance/i-0050d16b84955d806","associate_public_ip_address":true,"availability_zone":"us-east-1a","capacity_reservation_specification":[{"capacity_reservation_preference":"open","capacity_reservation_target":[]}],"cpu_core_count":1,"cpu_options":[{"amd_sev_snp":"","core_count":1,"threads_per_core":2}],"cpu_threads_per_core":2,"credit_specification":[{"cpu_credits":"unlimited"}],"disable_api_stop":false,"disable_api_termination":false,"ebs_block_device":[],"ebs_optimized":false,"enable_primary_ipv6":null,"enclave_options":[{"enabled":false}],"ephemeral_block_device":[],"get_password_data":false,"hibernation":false,"host_id":"","host_resource_group_arn":null,"iam_instance_profile":"k8s-node-profile","id":"i-0050d16b84955d806","instance_initiated_shutdown_behavior":"stop","instance_lifecycle":"","instance_market_options":[],"instance_state":"running","instance_type":"t3.micro","ipv6_address_count":0,"ipv6_addresses":[],"key_name":"k8s-cluster-key","launch_template":[],"maintenance_options":[{"auto_recovery":"default"}],"metadata_options":[{"http_endpoint":"enabled","http_protocol_ipv6":"disabled","http_put_response_hop_limit":2,"http_tokens":"required","instance_metadata_tags":"disabled"}],"monitoring":false,"network_interface":[],"outpost_arn":"","password_data":"","placement_group":"","placement_partition_number":0,"primary_network_interface_id":"eni-0cc9a7c814ad5f185","private_dns":"ip-10-0-1-124.ec2.internal","private_dns_name_options":[{"enable_resource_name_dns_a_record":false,"enable_resource_name_dns_aaaa_record":false,"hostname_type":"ip-name"}],"private_ip":"10.0.1.124","public_dns":"ec2-3-235-101-190.compute-1.amazonaws.com","public_ip":"3.235.101.190","root_block_device":[{"delete_on_termination":true,"device_name":"/dev/sda1","encrypted":false,"iops":3000,"kms_key_id":"","tags":null,"tags_all":{},"throughput":125,"volume_id":"vol-09b37626b6313d665","volume_size":20,"volume_type":"gp3"}],"secondary_private_ips":[],"security_groups":[],"source_dest_check":true,"spot_instance_request_id":"","subnet_id":"subnet-034c59c19597d966a","tags":{"Name":"k8s-worker-2","Role":"worker"},"tags_all":{"Name":"k8s-worker-2","Role":"worker"},"tenancy":"default","timeouts":null,"user_data":"1a095b24558c8a2ebec81da23f3c8de2d02efc98","user_data_base64":null,"user_data_replace_on_change":false,"volume_tags":null,"vpc_security_group_ids":["sg-03b323e7e8739f277"]},"sensitive_attributes":[],"private":"eyJlMmJmYjczMC1lY2FhLTExZTYtOGY4OC0zNDM2M2JjN2M0YzAiOnsiY3JlYXRlIjo2MDAwMDAwMDAwMDAsImRlbGV0ZSI6MTIwMDAwMDAwMDAwMCwicmVhZCI6OTAwMDAwMDAwMDAwLCJ1cGRhdGUiOjYwMDAwMDAwMDAwMH0sInNjaGVtYV92ZXJzaW9uIjoiMSJ9","dependencies":["aws_iam_instance_profile.k8s_node_profile","aws_iam_role.k8s_node_role","aws_instance.k8s_master","aws_internet_gateway.gw","aws_key_pair.k8s_key","aws_s3_bucket.k8s_token_bucket","aws_security_group.k8s_sg","aws_subnet.public_a","aws_vpc.main"]}]},{"mode":"managed","type":"aws_internet_gateway","name":"gw","provider":"provider[\"registry.opentofu.org/hashicorp/aws\"]","instances":[{"schema_version":0,"attributes":{"arn":"arn:aws:ec2:us-east-1:800114385106:internet-gateway/igw-0192106a6c06fb419","id":"igw-0192106a6c06fb419","owner_id":"800114385106","tags":{"Name":"k8s-igw"},"tags_all":{"Name":"k8s-igw"},"timeouts":null,"vpc_id":"vpc-0498647939cf4ace0"},"sensitive_attributes":[],"private":"eyJlMmJmYjczMC1lY2FhLTExZTYtOGY4OC0zNDM2M2JjN2M0YzAiOnsiY3JlYXRlIjoxMjAwMDAwMDAwMDAwLCJkZWxldGUiOjEyMDAwMDAwMDAwMDAsInVwZGF0ZSI6MTIwMDAwMDAwMDAwMH19","dependencies":["aws_vpc.main"]}]},{"mode":"managed","type":"aws_key_pair","name":"k8s_key","provider":"provider[\"registry.opentofu.org/hashicorp/aws\"]","instances":[{"schema_version":1,"attributes":{"arn":"arn:aws:ec2:us-east-1:800114385106:key-pair/k8s-cluster-key","fingerprint":"32:a6:61:80:57:a2:6d:8f:ef:48:ce:b8:7e:28:2f:9b","id":"k8s-cluster-key","key_name":"k8s-cluster-key","key_name_prefix":"","key_pair_id":"key-0ae57b1d427fdce5e","key_type":"rsa","public_key":"ssh-rsa AAAAB3NzaC1yc2EAAAADAQABAAACAQCgnEff1JG9oBKK66ErbwIDcs1S4o0XAw8eo7hZFEOxSezhmBOZACnMYn9ms1CVEFhTC5SGvHnPVPq113hujbw6a+q4x55g80tseMjuFpebWNCeo9SO41+ndHVDd/nz1qiTCvHUYeDj2WYHOlWnVwsqnIpr2vDlXb6Mbe0gyzRCoN5q1YZW2+mG6WxlPPCd2bnkbfYz/XcUF0MeImLOmVUPghJ6nQSuGY530yMo1Mwx9SUGiJgLbdGkcFDMdL6wF3+Mj3YZzzR+4QgnlGF4bvMpbVw2WS1a4AHnyrUr8o4HgUxWRgfkLBNfLQRdmHLHYjCXiSfXfnYsCsXsGQtnKl9796MrTX3x/x3ENArNA2WRKlx9q6ReNdG2SOp7xFvrgqIGEhhveC4FNWpN5JM8R4n9x4PzQnhA/ClDZ7i5av1EjOv1VEsAGb0rzXmdrhRA+8hFkVM4vfxl5DXRPmUPyMhlOKobFUrbYKpsQhF7HSbNrDgY+TycikNRYwLv3nv4fb9L0T0gW8JmOu4g4fxpEmkzj+6KKgv9wVTiKiN36rrMxg0osuKwAxAl1BOyq4G3rJr5mrEBWmMVacsuWz8FEW2PLSk76JRuZ49pSGwPmescYryPaImQyXxaegGIF4IdRjD/qQPrwyiQEvb5bE7OBCET6wZ06r3SlxzffIdroSUSwQ== santiago@santiago-b450aoruselitev2","tags":{"Name":"k8s-cluster-key"},"tags_all":{"Name":"k8s-cluster-key"}},"sensitive_attributes":[],"private":"eyJzY2hlbWFfdmVyc2lvbiI6IjEifQ=="}]},{"mode":"managed","type":"aws_route_table","name":"rt","provider":"provider[\"registry.opentofu.org/hashicorp/aws\"]","instances":[{"schema_version":0,"attributes":{"arn":"arn:aws:ec2:us-east-1:800114385106:route-table/rtb-0211b3bcd38139401","id":"rtb-0211b3bcd38139401","owner_id":"800114385106","propagating_vgws":[],"route":[{"carrier_gateway_id":"","cidr_block":"0.0.0.0/0","core_network_arn":"","destination_prefix_list_id":"","egress_only_gateway_id":"","gateway_id":"igw-0192106a6c06fb419","ipv6_cidr_block":"","local_gateway_id":"","nat_gateway_id":"","network_interface_id":"","transit_gateway_id":"","vpc_endpoint_id":"","vpc_peering_connection_id":""}],"tags":{"Name":"k8s-route-table"},"tags_all":{"Name":"k8s-route-table"},"timeouts":null,"vpc_id":"vpc-0498647939cf4ace0"},"sensitive_attributes":[],"private":"eyJlMmJmYjczMC1lY2FhLTExZTYtOGY4OC0zNDM2M2JjN2M0YzAiOnsiY3JlYXRlIjozMDAwMDAwMDAwMDAsImRlbGV0ZSI6MzAwMDAwMDAwMDAwLCJ1cGRhdGUiOjEyMDAwMDAwMDAwMH19","dependencies":["aws_internet_gateway.gw","aws_vpc.main"]}]},{"mode":"managed","type":"aws_route_table_association","name":"assoc_a","provider":"provider[\"registry.opentofu.org/hashicorp/aws\"]","instances":[{"schema_version":0,"attributes":{"gateway_id":"","id":"rtbassoc-0dae8a8743a4357c9","route_table_id":"rtb-0211b3bcd38139401","subnet_id":"subnet-034c59c19597d966a","timeouts":null},"sensitive_attributes":[],"private":"eyJlMmJmYjczMC1lY2FhLTExZTYtOGY4OC0zNDM2M2JjN2M0YzAiOnsiY3JlYXRlIjozMDAwMDAwMDAwMDAsImRlbGV0ZSI6MzAwMDAwMDAwMDAwLCJ1cGRhdGUiOjEyMDAwMDAwMDAwMH19","dependencies":["aws_internet_gateway.gw","aws_route_table.rt","aws_subnet.public_a","aws_vpc.main"]}]},{"mode":"managed","type":"aws_s3_bucket","name":"k8s_token_bucket","provider":"provider[\"registry.opentofu.org/hashicorp/aws\"]","instances":[{"schema_version":0,"attributes":{"acceleration_status":"","acl":null,"arn":"arn:aws:s3:::k8s-join-token-20251104155629409800000001","bucket":"k8s-join-token-20251104155629409800000001","bucket_domain_name":"k8s-join-token-20251104155629409800000001.s3.amazonaws.com","bucket_prefix":"k8s-join-token-","bucket_regional_domain_name":"k8s-join-token-20251104155629409800000001.s3.us-east-1.amazonaws.com","cors_rule":[],"force_destroy":true,"grant":[{"id":"b7e07b2e2da47759f590e013d5b5cde1f7612b5cb396cc571573f7a0d120d11e","permissions":["FULL_CONTROL"],"type":"CanonicalUser","uri":""}],"hosted_zone_id":"Z3AQBSTGFYJSTF","id":"k8s-join-token-20251104155629409800000001","lifecycle_rule":[],"logging":[],"object_lock_configuration":[],"object_lock_enabled":false,"policy":"","region":"us-east-1","replication_configuration":[],"request_payer":"BucketOwner","server_side_encryption_configuration":[{"rule":[{"apply_server_side_encryption_by_default":[{"kms_master_key_id":"","sse_algorithm":"AES256"}],"bucket_key_enabled":false}]}],"tags":{"Name":"k8s-join-token-bucket"},"tags_all":{"Name":"k8s-join-token-bucket"},"timeouts":null,"versioning":[{"enabled":false,"mfa_delete":false}],"website":[],"website_domain":null,"website_endpoint":null},"sensitive_attributes":[],"private":"eyJlMmJmYjczMC1lY2FhLTExZTYtOGY4OC0zNDM2M2JjN2M0YzAiOnsiY3JlYXRlIjoxMjAwMDAwMDAwMDAwLCJkZWxldGUiOjM2MDAwMDAwMDAwMDAsInJlYWQiOjEyMDAwMDAwMDAwMDAsInVwZGF0ZSI6MTIwMDAwMDAwMDAwMH19"}]},{"mode":"managed","type":"aws_s3_bucket_public_access_block","name":"k8s_token_bucket_pab","provider":"provider[\"registry.opentofu.org/hashicorp/aws\"]","instances":[{"schema_version":0,"attributes":{"block_public_acls":false,"block_public_policy":false,"bucket":"k8s-join-token-20251104155629409800000001","id":"k8s-join-token-20251104155629409800000001","ignore_public_acls":false,"restrict_public_buckets":false},"sensitive_attributes":[],"private":"bnVsbA==","dependencies":["aws_s3_bucket.k8s_token_bucket"]}]},{"mode":"managed","type":"aws_security_group","name":"k8s_sg","provider":"provider[\"registry.opentofu.org/hashicorp/aws\"]","instances":[{"schema_version":1,"attributes":{"arn":"arn:aws:ec2:us-east-1:800114385106:security-group/sg-03b323e7e8739f277","description":"Security group for Kubernetes cluster","egress":[{"cidr_blocks":["0.0.0.0/0"],"description":"Allow all outbound traffic","from_port":0,"ipv6_cidr_blocks":[],"prefix_list_ids":[],"protocol":"-1","security_groups":[],"self":false,"to_port":0}],"id":"sg-03b323e7e8739f277","ingress":[{"cidr_blocks":["0.0.0.0/0"],"description":"HTTP","from_port":80,"ipv6_cidr_blocks":[],"prefix_list_ids":[],"protocol":"tcp","security_groups":[],"self":false,"to_port":80},{"cidr_blocks":["0.0.0.0/0"],"description":"HTTPS","from_port":443,"ipv6_cidr_blocks":[],"prefix_list_ids":[],"protocol":"tcp","security_groups":[],"self":false,"to_port":443},{"cidr_blocks":["0.0.0.0/0"],"description":"Kubernetes API Server","from_port":6443,"ipv6_cidr_blocks":[],"prefix_list_ids":[],"protocol":"tcp","security_groups":[],"self":false,"to_port":6443},{"cidr_blocks":["0.0.0.0/0"],"description":"NodePort Services","from_port":30000,"ipv6_cidr_blocks":[],"prefix_list_ids":[],"protocol":"tcp","security_groups":[],"self":false,"to_port":32767},{"cidr_blocks":["0.0.0.0/0"],"description":"SSH access","from_port":22,"ipv6_cidr_blocks":[],"prefix_list_ids":[],"protocol":"tcp","security_groups":[],"self":false,"to_port":22},{"cidr_blocks":["10.0.0.0/16"],"description":"Internal cluster communication","from_port":0,"ipv6_cidr_blocks":[],"prefix_list_ids":[],"protocol":"-1","security_groups":[],"self":false,"to_port":0}],"name":"k8s-cluster-sg","name_prefix":"","owner_id":"800114385106","revoke_rules_on_delete":false,"tags":{"Name":"k8s-cluster-sg"},"tags_all":{"Name":"k8s-cluster-sg"},"timeouts":null,"vpc_id":"vpc-0498647939cf4ace0"},"sensitive_attributes":[],"private":"eyJlMmJmYjczMC1lY2FhLTExZTYtOGY4OC0zNDM2M2JjN2M0YzAiOnsiY3JlYXRlIjo2MDAwMDAwMDAwMDAsImRlbGV0ZSI6OTAwMDAwMDAwMDAwfSwic2NoZW1hX3ZlcnNpb24iOiIxIn0=","dependencies":["aws_vpc.main"]}]},{"mode":"managed","type":"aws_subnet","name":"public_a","provider":"provider[\"registry.opentofu.org/hashicorp/aws\"]","instances":[{"schema_version":1,"attributes":{"arn":"arn:aws:ec2:us-east-1:800114385106:subnet/subnet-034c59c19597d966a","assign_ipv6_address_on_creation":false,"availability_zone":"us-east-1a","availability_zone_id":"use1-az1","cidr_block":"10.0.1.0/24","customer_owned_ipv4_pool":"","enable_dns64":false,"enable_lni_at_device_index":0,"enable_resource_name_dns_a_record_on_launch":false,"enable_resource_name_dns_aaaa_record_on_launch":false,"id":"subnet-034c59c19597d966a","ipv6_cidr_block":"","ipv6_cidr_block_association_id":"","ipv6_native":false,"map_customer_owned_ip_on_launch":false,"map_public_ip_on_launch":true,"outpost_arn":"","owner_id":"800114385106","private_dns_hostname_type_on_launch":"ip-name","tags":{"Name":"k8s-public-subnet-a"},"tags_all":{"Name":"k8s-public-subnet-a"},"timeouts":null,"vpc_id":"vpc-0498647939cf4ace0"},"sensitive_attributes":[],"private":"eyJlMmJmYjczMC1lY2FhLTExZTYtOGY4OC0zNDM2M2JjN2M0YzAiOnsiY3JlYXRlIjo2MDAwMDAwMDAwMDAsImRlbGV0ZSI6MTIwMDAwMDAwMDAwMH0sInNjaGVtYV92ZXJzaW9uIjoiMSJ9","dependencies":["aws_vpc.main"]}]},{"mode":"managed","type":"aws_vpc","name":"main","provider":"provider[\"registry.opentofu.org/hashicorp/aws\"]","instances":[{"schema_version":1,"attributes":{"arn":"arn:aws:ec2:us-east-1:800114385106:vpc/vpc-0498647939cf4ace0","assign_generated_ipv6_cidr_block":false,"cidr_block":"10.0.0.0/16","default_network_acl_id":"acl-058a62a325d949227","default_route_table_id":"rtb-0b57a18100b5c2956","default_security_group_id":"sg-009c5845b52582b5d","dhcp_options_id":"dopt-0ad994545e046036a","enable_dns_hostnames":true,"enable_dns_support":true,"enable_network_address_usage_metrics":false,"id":"vpc-0498647939cf4ace0","instance_tenancy":"default","ipv4_ipam_pool_id":null,"ipv4_netmask_length":null,"ipv6_association_id":"","ipv6_cidr_block":"","ipv6_cidr_block_network_border_group":"","ipv6_ipam_pool_id":"","ipv6_netmask_length":0,"main_route_table_id":"rtb-0b57a18100b5c2956","owner_id":"800114385106","tags":{"Name":"k8s-vpc"},"tags_all":{"Name":"k8s-vpc"}},"sensitive_attributes":[],"private":"eyJzY2hlbWFfdmVyc2lvbiI6IjEifQ=="}]},{"mode":"managed","type":"null_resource","name":"k8s_setup","provider":"provider[\"registry.opentofu.org/hashicorp/null\"]","instances":[{"schema_version":0,"attributes":{"id":"8462421141357528497","triggers":null},"sensitive_attributes":[],"dependencies":["aws_iam_instance_profile.k8s_node_profile","aws_iam_role.k8s_node_role","aws_instance.k8s_master","aws_instance.k8s_worker","aws_internet_gateway.gw","aws_key_pair.k8s_key","aws_s3_bucket.k8s_token_bucket","aws_security_group.k8s_sg","aws_subnet.public_a","aws_vpc.main"]}]}],"check_results":null}
